
Microsoft Visual Studio Solution File, Format Version 12.00
# Visual Studio 15
VisualStudioVersion = 15.0.27130.2027
MinimumVisualStudioVersion = 10.0.40219.1
Project("{FAE04EC0-301F-11D3-BF4B-00C04F79EFBC}") = "DFDS", "DFDS\DFDS.csproj", "{4E919C0B-EE0F-4B2C-83A6-79120AE2260D}"
EndProject
Global
	GlobalSection(SolutionConfigurationPlatforms) = preSolution
		Debug|Any CPU = Debug|Any CPU
		Release|Any CPU = Release|Any CPU
	EndGlobalSection
	GlobalSection(ProjectConfigurationPlatforms) = postSolution
		{4E919C0B-EE0F-4B2C-83A6-79120AE2260D}.Debug|Any CPU.ActiveCfg = Debug|Any CPU
		{4E919C0B-EE0F-4B2C-83A6-79120AE2260D}.Debug|Any CPU.Build.0 = Debug|Any CPU
		{4E919C0B-EE0F-4B2C-83A6-79120AE2260D}.Release|Any CPU.ActiveCfg = Release|Any CPU
		{4E919C0B-EE0F-4B2C-83A6-79120AE2260D}.Release|Any CPU.Build.0 = Release|Any CPU
	EndGlobalSection
	GlobalSection(SolutionProperties) = preSolution
		HideSolutionNode = FALSE
	EndGlobalSection
	GlobalSection(ExtensibilityGlobals) = postSolution
		SolutionGuid = {AEE41797-77DC-4154-B000-6224774DA89A}
	EndGlobalSection
EndGlobal
